<?xml version="1.0" encoding="utf-8"?>
<Project ToolsVersion="4.0" xmlns="http://schemas.microsoft.com/developer/msbuild/2003">
  <ItemGroup>
    <ClCompile Include="external\imgui\imgui.cpp">
      <Filter>external\imgui</Filter>
    </ClCompile>
    <ClCompile Include="external\imgui\imgui_draw.cpp">
      <Filter>external\imgui</Filter>
    </ClCompile>
    <ClCompile Include="external\imgui\imgui_tables.cpp">
      <Filter>external\imgui</Filter>
    </ClCompile>
    <ClCompile Include="external\imgui\imgui_widgets.cpp">
      <Filter>external\imgui</Filter>
    </ClCompile>
    <ClCompile Include="external\imgui\imgui_demo.cpp">
      <Filter>external\imgui</Filter>
    </ClCompile>
    <ClCompile Include="external\imgui\backends\imgui_impl_glfw.cpp">
      <Filter>external\imgui\backends</Filter>
    </ClCompile>
    <ClCompile Include="external\imgui\backends\imgui_impl_opengl3.cpp">
      <Filter>external\imgui\backends</Filter>
    </ClCompile>
    <ClCompile Include="src\main.cpp" />
    <ClCompile Include="external\glad\glad.c" />
    <ClCompile Include="external\stb\stb_image.cpp" />
    <ClCompile Include="src\Engine\Core\LoaderManager.cpp" />
    <ClCompile Include="src\Engine\Core\Window.cpp" />
    <ClCompile Include="src\Engine\Renderer\AssetManager.cpp" />
    <ClCompile Include="src\Engine\Renderer\Renderer.cpp" />
    <ClCompile Include="src\Engine\Renderer\UniformBuffer.cpp" />
    <ClCompile Include="src\Engine\Entity\Entity.cpp" />
    <ClCompile Include="src\Engine\Entity\EntityManager.cpp" />
  </ItemGroup>
  <ItemGroup>
    <ClInclude Include="src\Engine\Core\Window.h" />
    <ClInclude Include="external\stb\stb_image.h" />
    <ClInclude Include="src\Engine\Core\Log.h" />
    <ClInclude Include="src\Engine\Resources\Loaders\ModelLoader.h" />
    <ClInclude Include="src\Engine\Resources\Loaders\ShaderLoader.h" />
    <ClInclude Include="src\Engine\Resources\Loaders\TextureLoader.h" />
    <ClInclude Include="src\Engine\Resources\ResourceManager.h" />
    <ClInclude Include="src\Engine\Entity\Components\Camera.h" />
    <ClInclude Include="src\Engine\Entity\Components\Component.h" />
    <ClInclude Include="src\Engine\Entity\Components\MeshRender.h" />
    <ClInclude Include="src\Engine\Entity\Components\Transform.h" />
    <ClInclude Include="src\Engine\Entity\Entity.h" />
    <ClInclude Include="src\Engine\Entity\EntityManager.h" />
    <ClInclude Include="src\Engine\Core\LoaderManager.h" />
    <ClInclude Include="src\Engine\Renderer\Asset\Material.h" />
    <ClInclude Include="src\Engine\Renderer\RenderContext.h" />
    <ClInclude Include="src\Engine\Renderer\UniformBuffer.h" />
    <ClInclude Include="src\Engine\Renderer\Asset\FrameBuffer.h" />
    <ClInclude Include="src\Engine\Renderer\Asset\Mesh.h" />
    <ClInclude Include="src\Engine\Renderer\Asset\Shader.h" />
    <ClInclude Include="src\Engine\Renderer\Asset\Texture.h" />
    <ClInclude Include="src\Engine\Renderer\AssetManager.h" />
    <ClInclude Include="src\Engine\Renderer\Asset\ShaderPass.h" />
    <ClInclude Include="src\Engine\Renderer\Asset\Model.h" />
    <ClInclude Include="src\Engine\Renderer\Renderer.h" />
    <ClInclude Include="src\Engine\Entity\Components\Lights\AreaLight.h" />
    <ClInclude Include="src\Engine\Entity\Components\Lights\DirectionalLight.h" />
    <ClInclude Include="src\Engine\Entity\Components\Lights\Light.h" />
    <ClInclude Include="src\Engine\Entity\Components\Lights\PointLight.h" />
    <ClInclude Include="src\Engine\Entity\Components\Lights\SpotLight.h" />
  </ItemGroup>
  <ItemGroup>
    <Filter Include="external\imgui">
      <UniqueIdentifier>{8f4c2a1e-9b3d-4e7f-a6c1-2d8e5f0a3b4c}</UniqueIdentifier>
    </Filter>
    <Filter Include="external\imgui\backends">
      <UniqueIdentifier>{9d5d3b2f-0c4e-5f8a-b7d2-3e9f6a1b4c5d}</UniqueIdentifier>
    </Filter>
  </ItemGroup>
</Project>